{
  "requires": true,
  "lockfileVersion": 1,
  "dependencies": {
    "js-datepicker": {
      "version": "5.0.3",
      "resolved": "https://registry.npmjs.org/js-datepicker/-/js-datepicker-5.0.3.tgz",
      "integrity": "sha512-s6s9kN+4QJR4rtaNE0l5O/Md/JfY0bFu+VKdE3mtC3/iqarMNFdiIbsaOaEEmf51ujL88ECkw9M/XvBbMkELRw=="
    }
  }
}
